
Microsoft Visual Studio Solution File, Format Version 12.00
# Visual Studio Version 17
VisualStudioVersion = 17.14.37628.2 d17.14
MinimumVisualStudioVersion = 10.0.40219.1
Project("{FAE04EC0-301F-11D3-BF4B-00C04F79EFBC}") = "TrenRezervasyon.Api", "TrenRezervasyon.Api\TrenRezervasyon.Api.csproj", "{50CAA769-D7D5-4186-A4DE-02119D9049C8}"
EndProject
Global
	GlobalSection(SolutionConfigurationPlatforms) = preSolution
		Debug|Any CPU = Debug|Any CPU
		Release|Any CPU = Release|Any CPU
	EndGlobalSection
	GlobalSection(ProjectConfigurationPlatforms) = postSolution
		{50CAA769-D7D5-4186-A4DE-02119D9049C8}.Debug|Any CPU.ActiveCfg = Debug|Any CPU
		{50CAA769-D7D5-4186-A4DE-02119D9049C8}.Debug|Any CPU.Build.0 = Debug|Any CPU
		{50CAA769-D7D5-4186-A4DE-02119D9049C8}.Release|Any CPU.ActiveCfg = Release|Any CPU
		{50CAA769-D7D5-4186-A4DE-02119D9049C8}.Release|Any CPU.Build.0 = Release|Any CPU
	EndGlobalSection
	GlobalSection(SolutionProperties) = preSolution
		HideSolutionNode = FALSE
	EndGlobalSection
	GlobalSection(ExtensibilityGlobals) = postSolution
		SolutionGuid = {888D5CBB-654C-4F64-B763-3DA7BEF53575}
	EndGlobalSection
EndGlobal
